
Microsoft Visual Studio Solution File, Format Version 11.00
# Visual Studio 2010 Express for Windows Phone
Project("{FAE04EC0-301F-11D3-BF4B-00C04F79EFBC}") = "OSChina", "OSChina\OSChina.csproj", "{912BF747-E875-485F-985B-8BBBB2CB2DAA}"
EndProject
Project("{FAE04EC0-301F-11D3-BF4B-00C04F79EFBC}") = "OSChinaScheduledTask_Notice", "OSChinaScheduledTask_Notice\OSChinaScheduledTask_Notice.csproj", "{BF2822EA-8C13-4199-A7B4-6695F0B60BD1}"
EndProject
Global
	GlobalSection(SolutionConfigurationPlatforms) = preSolution
		Debug|Any CPU = Debug|Any CPU
		Release|Any CPU = Release|Any CPU
	EndGlobalSection
	GlobalSection(ProjectConfigurationPlatforms) = postSolution
		{912BF747-E875-485F-985B-8BBBB2CB2DAA}.Debug|Any CPU.ActiveCfg = Debug|Any CPU
		{912BF747-E875-485F-985B-8BBBB2CB2DAA}.Debug|Any CPU.Build.0 = Debug|Any CPU
		{912BF747-E875-485F-985B-8BBBB2CB2DAA}.Debug|Any CPU.Deploy.0 = Debug|Any CPU
		{912BF747-E875-485F-985B-8BBBB2CB2DAA}.Release|Any CPU.ActiveCfg = Release|Any CPU
		{912BF747-E875-485F-985B-8BBBB2CB2DAA}.Release|Any CPU.Build.0 = Release|Any CPU
		{912BF747-E875-485F-985B-8BBBB2CB2DAA}.Release|Any CPU.Deploy.0 = Release|Any CPU
		{BF2822EA-8C13-4199-A7B4-6695F0B60BD1}.Debug|Any CPU.ActiveCfg = Debug|Any CPU
		{BF2822EA-8C13-4199-A7B4-6695F0B60BD1}.Debug|Any CPU.Build.0 = Debug|Any CPU
		{BF2822EA-8C13-4199-A7B4-6695F0B60BD1}.Release|Any CPU.ActiveCfg = Release|Any CPU
		{BF2822EA-8C13-4199-A7B4-6695F0B60BD1}.Release|Any CPU.Build.0 = Release|Any CPU
	EndGlobalSection
	GlobalSection(SolutionProperties) = preSolution
		HideSolutionNode = FALSE
	EndGlobalSection
EndGlobal
